# THIS IS AN AUTOGENERATED FILE. DO NOT EDIT THIS FILE DIRECTLY.
# yarn lockfile v1


"@tsconfig/create-react-app@^2.0.5":
  version "2.0.5"
  resolved "https://registry.yarnpkg.com/@tsconfig/create-react-app/-/create-react-app-2.0.5.tgz#1265ae3b1cbc5fb30f9ba477e7925eb3fc2f2678"
  integrity sha512-NiXzSMJabQtVTPwFmBWX+eyee2dfhRSnQ6NNbtCZfXemGxOq+N0+RMPVYu+sz6riUZANHTnvvHoS1k87ksyDXg==

typescript@^5.5.4:
  version "5.5.4"
  resolved "https://registry.yarnpkg.com/typescript/-/typescript-5.5.4.tgz#d9852d6c82bad2d2eda4fd74a5762a8f5909e9ba"
  integrity sha512-Mtq29sKDAEYP7aljRgtPOpTvOfbwRWlS6dPRzwjdE+C0R4brX/GUyhHSecbHMFLNBLcJIPt9nl9yG5TZ1weH+Q==
